// !$*UTF8*$!
{
	archiveVersion = 1;
	classes = {
	};
	objectVersion = 46;
	objects = {

/* Begin PBXBuildFile section */
		B038B2EE19DF0A8A00DB14AE /* main.cpp in Sources */ = {isa = PBXBuildFile; fileRef = B038B2ED19DF0A8A00DB14AE /* main.cpp */; };
		B038B2F319E0176B00DB14AE /* QtCore.framework in Frameworks */ = {isa = PBXBuildFile; fileRef = B038B2F219E0176A00DB14AE /* QtCore.framework */; };
		B038B2F519E0178000DB14AE /* QtGui.framework in Frameworks */ = {isa = PBXBuildFile; fileRef = B038B2F419E0178000DB14AE /* QtGui.framework */; };
		B038B2F719E0192C00DB14AE /* QtWidgets.framework in Frameworks */ = {isa = PBXBuildFile; fileRef = B038B2F619E0192C00DB14AE /* QtWidgets.framework */; };
		B038B2FA19E01AAB00DB14AE /* Window.cpp in Sources */ = {isa = PBXBuildFile; fileRef = B038B2F819E01AAB00DB14AE /* Window.cpp */; };
		B038B2FC19E01DF400DB14AE /* Window.qt.h in Sources */ = {isa = PBXBuildFile; fileRef = B038B2F919E01AAB00DB14AE /* Window.qt.h */; };
		B038B2FF19E021A300DB14AE /* GLWidget.cpp in Sources */ = {isa = PBXBuildFile; fileRef = B038B2FD19E021A300DB14AE /* GLWidget.cpp */; };
		B038B30019E021D500DB14AE /* GLWidget.qt.h in Sources */ = {isa = PBXBuildFile; fileRef = B038B2FE19E021A300DB14AE /* GLWidget.qt.h */; };
		B038B30219E022AF00DB14AE /* QtOpenGL.framework in Frameworks */ = {isa = PBXBuildFile; fileRef = B038B30119E022AF00DB14AE /* QtOpenGL.framework */; };
		B07C2E8819D89966007D4939 /* OpenGL.framework in Frameworks */ = {isa = PBXBuildFile; fileRef = B0CF801019D3506400C27161 /* OpenGL.framework */; };
		B07C2E8919D89966007D4939 /* Cocoa.framework in Frameworks */ = {isa = PBXBuildFile; fileRef = B0CF800E19D3504500C27161 /* Cocoa.framework */; };
		B07C2E8A19D89966007D4939 /* IOKit.framework in Frameworks */ = {isa = PBXBuildFile; fileRef = B0CF800C19D3503800C27161 /* IOKit.framework */; };
		B07C2E8B19D89966007D4939 /* CoreVideo.framework in Frameworks */ = {isa = PBXBuildFile; fileRef = B0CF800A19D3502B00C27161 /* CoreVideo.framework */; };
		B07C2E8C19D89966007D4939 /* CoreGraphics.framework in Frameworks */ = {isa = PBXBuildFile; fileRef = B0CF800819D3502200C27161 /* CoreGraphics.framework */; };
		B07C2E8D19D89966007D4939 /* CoreFoundation.framework in Frameworks */ = {isa = PBXBuildFile; fileRef = B0CF800619D3501400C27161 /* CoreFoundation.framework */; };
		B07C2E8E19D89966007D4939 /* libglfw3.a in Frameworks */ = {isa = PBXBuildFile; fileRef = B0CF800419D34FF500C27161 /* libglfw3.a */; };
		B07C2E9619D899B1007D4939 /* main.cpp in Sources */ = {isa = PBXBuildFile; fileRef = B07C2E9519D899B1007D4939 /* main.cpp */; };
		B0B88B7319B7A387008A1B0E /* main.cpp in Sources */ = {isa = PBXBuildFile; fileRef = B0B88B7219B7A387008A1B0E /* main.cpp */; };
		B0B88B7D19B7A899008A1B0E /* libPacketController.a in Frameworks */ = {isa = PBXBuildFile; fileRef = B0B88B5E19B7A197008A1B0E /* libPacketController.a */; };
		B0B88B8019B7A8C9008A1B0E /* PacketListener.cpp in Sources */ = {isa = PBXBuildFile; fileRef = B0B88B7E19B7A8C9008A1B0E /* PacketListener.cpp */; };
		B0B88B8119B7A8C9008A1B0E /* PacketListener.h in Headers */ = {isa = PBXBuildFile; fileRef = B0B88B7F19B7A8C9008A1B0E /* PacketListener.h */; };
		B0B88B8319B7A9B2008A1B0E /* libzmq.a in Frameworks */ = {isa = PBXBuildFile; fileRef = B0B88B8219B7A9B2008A1B0E /* libzmq.a */; };
		B0B88B8419B7A9D8008A1B0E /* libzmq.a in Frameworks */ = {isa = PBXBuildFile; fileRef = B0B88B8219B7A9B2008A1B0E /* libzmq.a */; };
		B0B88B8719B7B792008A1B0E /* ZmqQueueNames.cpp in Sources */ = {isa = PBXBuildFile; fileRef = B0B88B8519B7B792008A1B0E /* ZmqQueueNames.cpp */; };
		B0B88B8819B7B792008A1B0E /* ZmqQueueNames.h in Headers */ = {isa = PBXBuildFile; fileRef = B0B88B8619B7B792008A1B0E /* ZmqQueueNames.h */; };
		B0B88B8B19BB7646008A1B0E /* IDGenerator.cpp in Sources */ = {isa = PBXBuildFile; fileRef = B0B88B8919BB7646008A1B0E /* IDGenerator.cpp */; };
		B0B88B8C19BB7646008A1B0E /* IDGenerator.h in Headers */ = {isa = PBXBuildFile; fileRef = B0B88B8A19BB7646008A1B0E /* IDGenerator.h */; };
		B0B88B9219BB97D5008A1B0E /* libpcap.dylib in Frameworks */ = {isa = PBXBuildFile; fileRef = B0B88B9019BB97A6008A1B0E /* libpcap.dylib */; };
		B0B88B9519BC7154008A1B0E /* RawPacketBuffer.cpp in Sources */ = {isa = PBXBuildFile; fileRef = B0B88B9319BC7154008A1B0E /* RawPacketBuffer.cpp */; };
		B0B88B9619BC7154008A1B0E /* RawPacketBuffer.h in Headers */ = {isa = PBXBuildFile; fileRef = B0B88B9419BC7154008A1B0E /* RawPacketBuffer.h */; };
		B0B88BA819BC9491008A1B0E /* Logger.cpp in Sources */ = {isa = PBXBuildFile; fileRef = B0B88BA619BC9491008A1B0E /* Logger.cpp */; };
		B0B88BA919BC9491008A1B0E /* Logger.h in Headers */ = {isa = PBXBuildFile; fileRef = B0B88BA719BC9491008A1B0E /* Logger.h */; };
		B0B88BAC19BC96C1008A1B0E /* libLogging.a in Frameworks */ = {isa = PBXBuildFile; fileRef = B0B88B9C19BC9409008A1B0E /* libLogging.a */; };
		B0B88BAF19BCA7F8008A1B0E /* PacketDecoder.cpp in Sources */ = {isa = PBXBuildFile; fileRef = B0B88BAD19BCA7F8008A1B0E /* PacketDecoder.cpp */; };
		B0B88BB019BCA7F8008A1B0E /* PacketDecoder.h in Headers */ = {isa = PBXBuildFile; fileRef = B0B88BAE19BCA7F8008A1B0E /* PacketDecoder.h */; };
		B0CF800019D34DFB00C27161 /* main.cpp in Sources */ = {isa = PBXBuildFile; fileRef = B0CF7FFF19D34DFB00C27161 /* main.cpp */; };
		B0CF800519D34FF500C27161 /* libglfw3.a in Frameworks */ = {isa = PBXBuildFile; fileRef = B0CF800419D34FF500C27161 /* libglfw3.a */; };
		B0CF800719D3501400C27161 /* CoreFoundation.framework in Frameworks */ = {isa = PBXBuildFile; fileRef = B0CF800619D3501400C27161 /* CoreFoundation.framework */; };
		B0CF800919D3502200C27161 /* CoreGraphics.framework in Frameworks */ = {isa = PBXBuildFile; fileRef = B0CF800819D3502200C27161 /* CoreGraphics.framework */; };
		B0CF800B19D3502B00C27161 /* CoreVideo.framework in Frameworks */ = {isa = PBXBuildFile; fileRef = B0CF800A19D3502B00C27161 /* CoreVideo.framework */; };
		B0CF800D19D3503800C27161 /* IOKit.framework in Frameworks */ = {isa = PBXBuildFile; fileRef = B0CF800C19D3503800C27161 /* IOKit.framework */; };
		B0CF800F19D3504500C27161 /* Cocoa.framework in Frameworks */ = {isa = PBXBuildFile; fileRef = B0CF800E19D3504500C27161 /* Cocoa.framework */; };
		B0CF801119D3506400C27161 /* OpenGL.framework in Frameworks */ = {isa = PBXBuildFile; fileRef = B0CF801019D3506400C27161 /* OpenGL.framework */; };
/* End PBXBuildFile section */

/* Begin PBXBuildRule section */
		B038B2FB19E01D3B00DB14AE /* PBXBuildRule */ = {
			isa = PBXBuildRule;
			compilerSpec = com.apple.compilers.proxy.script;
			filePatterns = "*.qt.h";
			fileType = pattern.proxy;
			isEditable = 1;
			outputFiles = (
				"$(DERIVED_FILE_DIR)/moc_$(INPUT_FILE_BASE).cpp",
			);
			script = "/Users/hutchid1/Qt/5.3/clang_64/bin/moc ${INPUT_FILE_PATH} -o ${DERIVED_FILES_DIR}/moc_${INPUT_FILE_BASE}.cpp";
		};
/* End PBXBuildRule section */

/* Begin PBXContainerItemProxy section */
		B0B88B6A19B7A368008A1B0E /* PBXContainerItemProxy */ = {
			isa = PBXContainerItemProxy;
			containerPortal = B0B88B6419B7A1DA008A1B0E /* ZeroMQ-4.0.4.xcodeproj */;
			proxyType = 1;
			remoteGlobalIDString = B0B88AA019B79CB0008A1B0E;
			remoteInfo = "zmq-4.0.4";
		};
		B0B88B7919B7A390008A1B0E /* PBXContainerItemProxy */ = {
			isa = PBXContainerItemProxy;
			containerPortal = B0B88B5119B7A0EB008A1B0E /* Project object */;
			proxyType = 1;
			remoteGlobalIDString = B0B88B5D19B7A197008A1B0E;
			remoteInfo = PacketController;
		};
		B0B88BAA19BC96BB008A1B0E /* PBXContainerItemProxy */ = {
			isa = PBXContainerItemProxy;
			containerPortal = B0B88B5119B7A0EB008A1B0E /* Project object */;
			proxyType = 1;
			remoteGlobalIDString = B0B88B9B19BC9409008A1B0E;
			remoteInfo = Logging;
		};
/* End PBXContainerItemProxy section */

/* Begin PBXCopyFilesBuildPhase section */
		B038B2E919DF0A8900DB14AE /* CopyFiles */ = {
			isa = PBXCopyFilesBuildPhase;
			buildActionMask = 2147483647;
			dstPath = /usr/share/man/man1/;
			dstSubfolderSpec = 0;
			files = (
			);
			runOnlyForDeploymentPostprocessing = 1;
		};
		B07C2E8F19D89966007D4939 /* CopyFiles */ = {
			isa = PBXCopyFilesBuildPhase;
			buildActionMask = 2147483647;
			dstPath = /usr/share/man/man1/;
			dstSubfolderSpec = 0;
			files = (
			);
			runOnlyForDeploymentPostprocessing = 1;
		};
		B0B88B6E19B7A387008A1B0E /* CopyFiles */ = {
			isa = PBXCopyFilesBuildPhase;
			buildActionMask = 2147483647;
			dstPath = /usr/share/man/man1/;
			dstSubfolderSpec = 0;
			files = (
			);
			runOnlyForDeploymentPostprocessing = 1;
		};
		B0CF7FFB19D34DFB00C27161 /* CopyFiles */ = {
			isa = PBXCopyFilesBuildPhase;
			buildActionMask = 2147483647;
			dstPath = /usr/share/man/man1/;
			dstSubfolderSpec = 0;
			files = (
			);
			runOnlyForDeploymentPostprocessing = 1;
		};
/* End PBXCopyFilesBuildPhase section */

/* Begin PBXFileReference section */
		B038B2EB19DF0A8900DB14AE /* QtDrawTest */ = {isa = PBXFileReference; explicitFileType = "compiled.mach-o.executable"; includeInIndex = 0; path = QtDrawTest; sourceTree = BUILT_PRODUCTS_DIR; };
		B038B2ED19DF0A8A00DB14AE /* main.cpp */ = {isa = PBXFileReference; lastKnownFileType = sourcecode.cpp.cpp; path = main.cpp; sourceTree = "<group>"; };
		B038B2F219E0176A00DB14AE /* QtCore.framework */ = {isa = PBXFileReference; lastKnownFileType = wrapper.framework; name = QtCore.framework; path = ../../Qt/5.3/clang_64/lib/QtCore.framework; sourceTree = "<group>"; };
		B038B2F419E0178000DB14AE /* QtGui.framework */ = {isa = PBXFileReference; lastKnownFileType = wrapper.framework; name = QtGui.framework; path = ../../Qt/5.3/clang_64/lib/QtGui.framework; sourceTree = "<group>"; };
		B038B2F619E0192C00DB14AE /* QtWidgets.framework */ = {isa = PBXFileReference; lastKnownFileType = wrapper.framework; name = QtWidgets.framework; path = ../../Qt/5.3/clang_64/lib/QtWidgets.framework; sourceTree = "<group>"; };
		B038B2F819E01AAB00DB14AE /* Window.cpp */ = {isa = PBXFileReference; fileEncoding = 4; lastKnownFileType = sourcecode.cpp.cpp; path = Window.cpp; sourceTree = "<group>"; };
		B038B2F919E01AAB00DB14AE /* Window.qt.h */ = {isa = PBXFileReference; fileEncoding = 4; lastKnownFileType = sourcecode.c.h; path = Window.qt.h; sourceTree = "<group>"; };
		B038B2FD19E021A300DB14AE /* GLWidget.cpp */ = {isa = PBXFileReference; fileEncoding = 4; lastKnownFileType = sourcecode.cpp.cpp; path = GLWidget.cpp; sourceTree = "<group>"; };
		B038B2FE19E021A300DB14AE /* GLWidget.qt.h */ = {isa = PBXFileReference; fileEncoding = 4; lastKnownFileType = sourcecode.c.h; path = GLWidget.qt.h; sourceTree = "<group>"; };
		B038B30119E022AF00DB14AE /* QtOpenGL.framework */ = {isa = PBXFileReference; lastKnownFileType = wrapper.framework; name = QtOpenGL.framework; path = ../../Qt/5.3/clang_64/lib/QtOpenGL.framework; sourceTree = "<group>"; };
		B07C2E7419D4A33E007D4939 /* libGLEW.a */ = {isa = PBXFileReference; lastKnownFileType = archive.ar; name = libGLEW.a; path = ../../../../usr/local/Cellar/glew/1.11.0/lib/libGLEW.a; sourceTree = "<group>"; };
		B07C2E9319D89966007D4939 /* CircleDrawTest copy */ = {isa = PBXFileReference; explicitFileType = "compiled.mach-o.executable"; includeInIndex = 0; path = "CircleDrawTest copy"; sourceTree = BUILT_PRODUCTS_DIR; };
		B07C2E9519D899B1007D4939 /* main.cpp */ = {isa = PBXFileReference; fileEncoding = 4; lastKnownFileType = sourcecode.cpp.cpp; name = main.cpp; path = TextureDrawTest/main.cpp; sourceTree = SOURCE_ROOT; };
		B0B88B5E19B7A197008A1B0E /* libPacketController.a */ = {isa = PBXFileReference; explicitFileType = archive.ar; includeInIndex = 0; path = libPacketController.a; sourceTree = BUILT_PRODUCTS_DIR; };
		B0B88B6419B7A1DA008A1B0E /* ZeroMQ-4.0.4.xcodeproj */ = {isa = PBXFileReference; lastKnownFileType = "wrapper.pb-project"; name = "ZeroMQ-4.0.4.xcodeproj"; path = "../thirdparty/ZeroMQ-4.0.4/ZeroMQ-4.0.4.xcodeproj"; sourceTree = "<group>"; };
		B0B88B7019B7A387008A1B0E /* PacketControllerDriver */ = {isa = PBXFileReference; explicitFileType = "compiled.mach-o.executable"; includeInIndex = 0; path = PacketControllerDriver; sourceTree = BUILT_PRODUCTS_DIR; };
		B0B88B7219B7A387008A1B0E /* main.cpp */ = {isa = PBXFileReference; lastKnownFileType = sourcecode.cpp.cpp; path = main.cpp; sourceTree = "<group>"; };
		B0B88B7E19B7A8C9008A1B0E /* PacketListener.cpp */ = {isa = PBXFileReference; fileEncoding = 4; lastKnownFileType = sourcecode.cpp.cpp; path = PacketListener.cpp; sourceTree = "<group>"; };
		B0B88B7F19B7A8C9008A1B0E /* PacketListener.h */ = {isa = PBXFileReference; fileEncoding = 4; lastKnownFileType = sourcecode.c.h; path = PacketListener.h; sourceTree = "<group>"; };
		B0B88B8219B7A9B2008A1B0E /* libzmq.a */ = {isa = PBXFileReference; lastKnownFileType = archive.ar; name = libzmq.a; path = "../thirdparty/ZeroMQ-4.0.4/build/lib/libzmq.a"; sourceTree = "<group>"; };
		B0B88B8519B7B792008A1B0E /* ZmqQueueNames.cpp */ = {isa = PBXFileReference; fileEncoding = 4; lastKnownFileType = sourcecode.cpp.cpp; path = ZmqQueueNames.cpp; sourceTree = "<group>"; };
		B0B88B8619B7B792008A1B0E /* ZmqQueueNames.h */ = {isa = PBXFileReference; fileEncoding = 4; lastKnownFileType = sourcecode.c.h; path = ZmqQueueNames.h; sourceTree = "<group>"; };
		B0B88B8919BB7646008A1B0E /* IDGenerator.cpp */ = {isa = PBXFileReference; fileEncoding = 4; lastKnownFileType = sourcecode.cpp.cpp; path = IDGenerator.cpp; sourceTree = "<group>"; };
		B0B88B8A19BB7646008A1B0E /* IDGenerator.h */ = {isa = PBXFileReference; fileEncoding = 4; lastKnownFileType = sourcecode.c.h; path = IDGenerator.h; sourceTree = "<group>"; };
		B0B88B9019BB97A6008A1B0E /* libpcap.dylib */ = {isa = PBXFileReference; lastKnownFileType = "compiled.mach-o.dylib"; name = libpcap.dylib; path = usr/lib/libpcap.dylib; sourceTree = SDKROOT; };
		B0B88B9319BC7154008A1B0E /* RawPacketBuffer.cpp */ = {isa = PBXFileReference; fileEncoding = 4; lastKnownFileType = sourcecode.cpp.cpp; path = RawPacketBuffer.cpp; sourceTree = "<group>"; };
		B0B88B9419BC7154008A1B0E /* RawPacketBuffer.h */ = {isa = PBXFileReference; fileEncoding = 4; lastKnownFileType = sourcecode.c.h; path = RawPacketBuffer.h; sourceTree = "<group>"; };
		B0B88B9C19BC9409008A1B0E /* libLogging.a */ = {isa = PBXFileReference; explicitFileType = archive.ar; includeInIndex = 0; path = libLogging.a; sourceTree = BUILT_PRODUCTS_DIR; };
		B0B88BA619BC9491008A1B0E /* Logger.cpp */ = {isa = PBXFileReference; fileEncoding = 4; lastKnownFileType = sourcecode.cpp.cpp; path = Logger.cpp; sourceTree = "<group>"; };
		B0B88BA719BC9491008A1B0E /* Logger.h */ = {isa = PBXFileReference; fileEncoding = 4; lastKnownFileType = sourcecode.c.h; path = Logger.h; sourceTree = "<group>"; };
		B0B88BAD19BCA7F8008A1B0E /* PacketDecoder.cpp */ = {isa = PBXFileReference; fileEncoding = 4; lastKnownFileType = sourcecode.cpp.cpp; path = PacketDecoder.cpp; sourceTree = "<group>"; };
		B0B88BAE19BCA7F8008A1B0E /* PacketDecoder.h */ = {isa = PBXFileReference; fileEncoding = 4; lastKnownFileType = sourcecode.c.h; path = PacketDecoder.h; sourceTree = "<group>"; };
		B0CF7FFD19D34DFB00C27161 /* CircleDrawTest */ = {isa = PBXFileReference; explicitFileType = "compiled.mach-o.executable"; includeInIndex = 0; path = CircleDrawTest; sourceTree = BUILT_PRODUCTS_DIR; };
		B0CF7FFF19D34DFB00C27161 /* main.cpp */ = {isa = PBXFileReference; lastKnownFileType = sourcecode.cpp.cpp; path = main.cpp; sourceTree = "<group>"; };
		B0CF800419D34FF500C27161 /* libglfw3.a */ = {isa = PBXFileReference; lastKnownFileType = archive.ar; name = libglfw3.a; path = ../../../../usr/local/Cellar/glfw3/3.0.4/lib/libglfw3.a; sourceTree = "<group>"; };
		B0CF800619D3501400C27161 /* CoreFoundation.framework */ = {isa = PBXFileReference; lastKnownFileType = wrapper.framework; name = CoreFoundation.framework; path = System/Library/Frameworks/CoreFoundation.framework; sourceTree = SDKROOT; };
		B0CF800819D3502200C27161 /* CoreGraphics.framework */ = {isa = PBXFileReference; lastKnownFileType = wrapper.framework; name = CoreGraphics.framework; path = System/Library/Frameworks/CoreGraphics.framework; sourceTree = SDKROOT; };
		B0CF800A19D3502B00C27161 /* CoreVideo.framework */ = {isa = PBXFileReference; lastKnownFileType = wrapper.framework; name = CoreVideo.framework; path = System/Library/Frameworks/CoreVideo.framework; sourceTree = SDKROOT; };
		B0CF800C19D3503800C27161 /* IOKit.framework */ = {isa = PBXFileReference; lastKnownFileType = wrapper.framework; name = IOKit.framework; path = System/Library/Frameworks/IOKit.framework; sourceTree = SDKROOT; };
		B0CF800E19D3504500C27161 /* Cocoa.framework */ = {isa = PBXFileReference; lastKnownFileType = wrapper.framework; name = Cocoa.framework; path = System/Library/Frameworks/Cocoa.framework; sourceTree = SDKROOT; };
		B0CF801019D3506400C27161 /* OpenGL.framework */ = {isa = PBXFileReference; lastKnownFileType = wrapper.framework; name = OpenGL.framework; path = System/Library/Frameworks/OpenGL.framework; sourceTree = SDKROOT; };
/* End PBXFileReference section */

/* Begin PBXFrameworksBuildPhase section */
		B038B2E819DF0A8900DB14AE /* Frameworks */ = {
			isa = PBXFrameworksBuildPhase;
			buildActionMask = 2147483647;
			files = (
				B038B30219E022AF00DB14AE /* QtOpenGL.framework in Frameworks */,
				B038B2F719E0192C00DB14AE /* QtWidgets.framework in Frameworks */,
				B038B2F519E0178000DB14AE /* QtGui.framework in Frameworks */,
				B038B2F319E0176B00DB14AE /* QtCore.framework in Frameworks */,
			);
			runOnlyForDeploymentPostprocessing = 0;
		};
		B07C2E8719D89966007D4939 /* Frameworks */ = {
			isa = PBXFrameworksBuildPhase;
			buildActionMask = 2147483647;
			files = (
				B07C2E8819D89966007D4939 /* OpenGL.framework in Frameworks */,
				B07C2E8919D89966007D4939 /* Cocoa.framework in Frameworks */,
				B07C2E8A19D89966007D4939 /* IOKit.framework in Frameworks */,
				B07C2E8B19D89966007D4939 /* CoreVideo.framework in Frameworks */,
				B07C2E8C19D89966007D4939 /* CoreGraphics.framework in Frameworks */,
				B07C2E8D19D89966007D4939 /* CoreFoundation.framework in Frameworks */,
				B07C2E8E19D89966007D4939 /* libglfw3.a in Frameworks */,
			);
			runOnlyForDeploymentPostprocessing = 0;
		};
		B0B88B5B19B7A197008A1B0E /* Frameworks */ = {
			isa = PBXFrameworksBuildPhase;
			buildActionMask = 2147483647;
			files = (
				B0B88BAC19BC96C1008A1B0E /* libLogging.a in Frameworks */,
				B0B88B8319B7A9B2008A1B0E /* libzmq.a in Frameworks */,
			);
			runOnlyForDeploymentPostprocessing = 0;
		};
		B0B88B6D19B7A387008A1B0E /* Frameworks */ = {
			isa = PBXFrameworksBuildPhase;
			buildActionMask = 2147483647;
			files = (
				B0B88B7D19B7A899008A1B0E /* libPacketController.a in Frameworks */,
				B0B88B8419B7A9D8008A1B0E /* libzmq.a in Frameworks */,
				B0B88B9219BB97D5008A1B0E /* libpcap.dylib in Frameworks */,
			);
			runOnlyForDeploymentPostprocessing = 0;
		};
		B0B88B9919BC9409008A1B0E /* Frameworks */ = {
			isa = PBXFrameworksBuildPhase;
			buildActionMask = 2147483647;
			files = (
			);
			runOnlyForDeploymentPostprocessing = 0;
		};
		B0CF7FFA19D34DFB00C27161 /* Frameworks */ = {
			isa = PBXFrameworksBuildPhase;
			buildActionMask = 2147483647;
			files = (
				B0CF801119D3506400C27161 /* OpenGL.framework in Frameworks */,
				B0CF800F19D3504500C27161 /* Cocoa.framework in Frameworks */,
				B0CF800D19D3503800C27161 /* IOKit.framework in Frameworks */,
				B0CF800B19D3502B00C27161 /* CoreVideo.framework in Frameworks */,
				B0CF800919D3502200C27161 /* CoreGraphics.framework in Frameworks */,
				B0CF800719D3501400C27161 /* CoreFoundation.framework in Frameworks */,
				B0CF800519D34FF500C27161 /* libglfw3.a in Frameworks */,
			);
			runOnlyForDeploymentPostprocessing = 0;
		};
/* End PBXFrameworksBuildPhase section */

/* Begin PBXGroup section */
		B038B2EC19DF0A8A00DB14AE /* QtDrawTest */ = {
			isa = PBXGroup;
			children = (
				B038B2ED19DF0A8A00DB14AE /* main.cpp */,
				B038B2F919E01AAB00DB14AE /* Window.qt.h */,
				B038B2F819E01AAB00DB14AE /* Window.cpp */,
				B038B2FE19E021A300DB14AE /* GLWidget.qt.h */,
				B038B2FD19E021A300DB14AE /* GLWidget.cpp */,
			);
			path = QtDrawTest;
			sourceTree = "<group>";
		};
		B07C2E9419D89983007D4939 /* TextureDrawTest */ = {
			isa = PBXGroup;
			children = (
				B07C2E9519D899B1007D4939 /* main.cpp */,
			);
			name = TextureDrawTest;
			path = CircleDrawTest;
			sourceTree = "<group>";
		};
		B0B88B5019B7A0EB008A1B0E = {
			isa = PBXGroup;
			children = (
				B0B88BA519BC9491008A1B0E /* Logging */,
				B0B88B6319B7A1C4008A1B0E /* PacketController */,
				B0B88B7119B7A387008A1B0E /* PacketControllerDriver */,
				B07C2E9419D89983007D4939 /* TextureDrawTest */,
				B0CF7FFE19D34DFB00C27161 /* CircleDrawTest */,
				B038B2EC19DF0A8A00DB14AE /* QtDrawTest */,
				B0B88B5F19B7A197008A1B0E /* Products */,
				B0B88B6419B7A1DA008A1B0E /* ZeroMQ-4.0.4.xcodeproj */,
				B0B88B8219B7A9B2008A1B0E /* libzmq.a */,
				B0B88B9019BB97A6008A1B0E /* libpcap.dylib */,
				B038B30119E022AF00DB14AE /* QtOpenGL.framework */,
				B038B2F619E0192C00DB14AE /* QtWidgets.framework */,
				B038B2F219E0176A00DB14AE /* QtCore.framework */,
				B038B2F419E0178000DB14AE /* QtGui.framework */,
				B0CF801019D3506400C27161 /* OpenGL.framework */,
				B0CF800E19D3504500C27161 /* Cocoa.framework */,
				B0CF800C19D3503800C27161 /* IOKit.framework */,
				B0CF800A19D3502B00C27161 /* CoreVideo.framework */,
				B0CF800819D3502200C27161 /* CoreGraphics.framework */,
				B0CF800619D3501400C27161 /* CoreFoundation.framework */,
				B0CF800419D34FF500C27161 /* libglfw3.a */,
				B07C2E7419D4A33E007D4939 /* libGLEW.a */,
			);
			sourceTree = "<group>";
		};
		B0B88B5F19B7A197008A1B0E /* Products */ = {
			isa = PBXGroup;
			children = (
				B0B88B5E19B7A197008A1B0E /* libPacketController.a */,
				B0B88B7019B7A387008A1B0E /* PacketControllerDriver */,
				B0B88B9C19BC9409008A1B0E /* libLogging.a */,
				B0CF7FFD19D34DFB00C27161 /* CircleDrawTest */,
				B07C2E9319D89966007D4939 /* CircleDrawTest copy */,
				B038B2EB19DF0A8900DB14AE /* QtDrawTest */,
			);
			name = Products;
			sourceTree = "<group>";
		};
		B0B88B6319B7A1C4008A1B0E /* PacketController */ = {
			isa = PBXGroup;
			children = (
				B0B88B7F19B7A8C9008A1B0E /* PacketListener.h */,
				B0B88B7E19B7A8C9008A1B0E /* PacketListener.cpp */,
				B0B88B8619B7B792008A1B0E /* ZmqQueueNames.h */,
				B0B88B8519B7B792008A1B0E /* ZmqQueueNames.cpp */,
				B0B88B8A19BB7646008A1B0E /* IDGenerator.h */,
				B0B88B8919BB7646008A1B0E /* IDGenerator.cpp */,
				B0B88B9419BC7154008A1B0E /* RawPacketBuffer.h */,
				B0B88B9319BC7154008A1B0E /* RawPacketBuffer.cpp */,
				B0B88BAE19BCA7F8008A1B0E /* PacketDecoder.h */,
				B0B88BAD19BCA7F8008A1B0E /* PacketDecoder.cpp */,
			);
			path = PacketController;
			sourceTree = "<group>";
		};
		B0B88B6519B7A1DA008A1B0E /* Products */ = {
			isa = PBXGroup;
			children = (
			);
			name = Products;
			sourceTree = "<group>";
		};
		B0B88B7119B7A387008A1B0E /* PacketControllerDriver */ = {
			isa = PBXGroup;
			children = (
				B0B88B7219B7A387008A1B0E /* main.cpp */,
			);
			path = PacketControllerDriver;
			sourceTree = "<group>";
		};
		B0B88BA519BC9491008A1B0E /* Logging */ = {
			isa = PBXGroup;
			children = (
				B0B88BA719BC9491008A1B0E /* Logger.h */,
				B0B88BA619BC9491008A1B0E /* Logger.cpp */,
			);
			path = Logging;
			sourceTree = "<group>";
		};
		B0CF7FFE19D34DFB00C27161 /* CircleDrawTest */ = {
			isa = PBXGroup;
			children = (
				B0CF7FFF19D34DFB00C27161 /* main.cpp */,
			);
			path = CircleDrawTest;
			sourceTree = "<group>";
		};
/* End PBXGroup section */

/* Begin PBXHeadersBuildPhase section */
		B0B88B5C19B7A197008A1B0E /* Headers */ = {
			isa = PBXHeadersBuildPhase;
			buildActionMask = 2147483647;
			files = (
				B0B88B8C19BB7646008A1B0E /* IDGenerator.h in Headers */,
				B0B88B8819B7B792008A1B0E /* ZmqQueueNames.h in Headers */,
				B0B88B8119B7A8C9008A1B0E /* PacketListener.h in Headers */,
				B0B88B9619BC7154008A1B0E /* RawPacketBuffer.h in Headers */,
				B0B88BB019BCA7F8008A1B0E /* PacketDecoder.h in Headers */,
			);
			runOnlyForDeploymentPostprocessing = 0;
		};
		B0B88B9A19BC9409008A1B0E /* Headers */ = {
			isa = PBXHeadersBuildPhase;
			buildActionMask = 2147483647;
			files = (
				B0B88BA919BC9491008A1B0E /* Logger.h in Headers */,
			);
			runOnlyForDeploymentPostprocessing = 0;
		};
/* End PBXHeadersBuildPhase section */

/* Begin PBXNativeTarget section */
		B038B2EA19DF0A8900DB14AE /* QtDrawTest */ = {
			isa = PBXNativeTarget;
			buildConfigurationList = B038B2F119DF0A8A00DB14AE /* Build configuration list for PBXNativeTarget "QtDrawTest" */;
			buildPhases = (
				B038B2E719DF0A8900DB14AE /* Sources */,
				B038B2E819DF0A8900DB14AE /* Frameworks */,
				B038B2E919DF0A8900DB14AE /* CopyFiles */,
			);
			buildRules = (
				B038B2FB19E01D3B00DB14AE /* PBXBuildRule */,
			);
			dependencies = (
			);
			name = QtDrawTest;
			productName = QtDrawTest;
			productReference = B038B2EB19DF0A8900DB14AE /* QtDrawTest */;
			productType = "com.apple.product-type.tool";
		};
		B07C2E8419D89966007D4939 /* TextureDrawTest */ = {
			isa = PBXNativeTarget;
			buildConfigurationList = B07C2E9019D89966007D4939 /* Build configuration list for PBXNativeTarget "TextureDrawTest" */;
			buildPhases = (
				B07C2E8519D89966007D4939 /* Sources */,
				B07C2E8719D89966007D4939 /* Frameworks */,
				B07C2E8F19D89966007D4939 /* CopyFiles */,
			);
			buildRules = (
			);
			dependencies = (
			);
			name = TextureDrawTest;
			productName = CircleDrawTest;
			productReference = B07C2E9319D89966007D4939 /* CircleDrawTest copy */;
			productType = "com.apple.product-type.tool";
		};
		B0B88B5D19B7A197008A1B0E /* PacketController */ = {
			isa = PBXNativeTarget;
			buildConfigurationList = B0B88B6019B7A197008A1B0E /* Build configuration list for PBXNativeTarget "PacketController" */;
			buildPhases = (
				B0B88B5A19B7A197008A1B0E /* Sources */,
				B0B88B5B19B7A197008A1B0E /* Frameworks */,
				B0B88B5C19B7A197008A1B0E /* Headers */,
			);
			buildRules = (
			);
			dependencies = (
				B0B88BAB19BC96BB008A1B0E /* PBXTargetDependency */,
				B0B88B6B19B7A368008A1B0E /* PBXTargetDependency */,
			);
			name = PacketController;
			productName = PacketController;
			productReference = B0B88B5E19B7A197008A1B0E /* libPacketController.a */;
			productType = "com.apple.product-type.library.static";
		};
		B0B88B6F19B7A387008A1B0E /* PacketControllerDriver */ = {
			isa = PBXNativeTarget;
			buildConfigurationList = B0B88B7619B7A387008A1B0E /* Build configuration list for PBXNativeTarget "PacketControllerDriver" */;
			buildPhases = (
				B0B88B6C19B7A387008A1B0E /* Sources */,
				B0B88B6D19B7A387008A1B0E /* Frameworks */,
				B0B88B6E19B7A387008A1B0E /* CopyFiles */,
			);
			buildRules = (
			);
			dependencies = (
				B0B88B7A19B7A390008A1B0E /* PBXTargetDependency */,
			);
			name = PacketControllerDriver;
			productName = PacketControllerDriver;
			productReference = B0B88B7019B7A387008A1B0E /* PacketControllerDriver */;
			productType = "com.apple.product-type.tool";
		};
		B0B88B9B19BC9409008A1B0E /* Logging */ = {
			isa = PBXNativeTarget;
			buildConfigurationList = B0B88B9F19BC9409008A1B0E /* Build configuration list for PBXNativeTarget "Logging" */;
			buildPhases = (
				B0B88B9819BC9409008A1B0E /* Sources */,
				B0B88B9919BC9409008A1B0E /* Frameworks */,
				B0B88B9A19BC9409008A1B0E /* Headers */,
			);
			buildRules = (
			);
			dependencies = (
			);
			name = Logging;
			productName = Logging;
			productReference = B0B88B9C19BC9409008A1B0E /* libLogging.a */;
			productType = "com.apple.product-type.library.static";
		};
		B0CF7FFC19D34DFB00C27161 /* CircleDrawTest */ = {
			isa = PBXNativeTarget;
			buildConfigurationList = B0CF800319D34DFC00C27161 /* Build configuration list for PBXNativeTarget "CircleDrawTest" */;
			buildPhases = (
				B0CF7FF919D34DFB00C27161 /* Sources */,
				B0CF7FFA19D34DFB00C27161 /* Frameworks */,
				B0CF7FFB19D34DFB00C27161 /* CopyFiles */,
			);
			buildRules = (
			);
			dependencies = (
			);
			name = CircleDrawTest;
			productName = CircleDrawTest;
			productReference = B0CF7FFD19D34DFB00C27161 /* CircleDrawTest */;
			productType = "com.apple.product-type.tool";
		};
/* End PBXNativeTarget section */

/* Begin PBXProject section */
		B0B88B5119B7A0EB008A1B0E /* Project object */ = {
			isa = PBXProject;
			attributes = {
				LastUpgradeCheck = 0510;
				TargetAttributes = {
					B038B2EA19DF0A8900DB14AE = {
						CreatedOnToolsVersion = 6.0.1;
					};
					B0CF7FFC19D34DFB00C27161 = {
						CreatedOnToolsVersion = 6.0.1;
					};
				};
			};
			buildConfigurationList = B0B88B5419B7A0EB008A1B0E /* Build configuration list for PBXProject "Network" */;
			compatibilityVersion = "Xcode 3.2";
			developmentRegion = English;
			hasScannedForEncodings = 0;
			knownRegions = (
				en,
			);
			mainGroup = B0B88B5019B7A0EB008A1B0E;
			productRefGroup = B0B88B5F19B7A197008A1B0E /* Products */;
			projectDirPath = "";
			projectReferences = (
				{
					ProductGroup = B0B88B6519B7A1DA008A1B0E /* Products */;
					ProjectRef = B0B88B6419B7A1DA008A1B0E /* ZeroMQ-4.0.4.xcodeproj */;
				},
			);
			projectRoot = "";
			targets = (
				B0B88B5D19B7A197008A1B0E /* PacketController */,
				B0B88B6F19B7A387008A1B0E /* PacketControllerDriver */,
				B0B88B9B19BC9409008A1B0E /* Logging */,
				B0CF7FFC19D34DFB00C27161 /* CircleDrawTest */,
				B07C2E8419D89966007D4939 /* TextureDrawTest */,
				B038B2EA19DF0A8900DB14AE /* QtDrawTest */,
			);
		};
/* End PBXProject section */

/* Begin PBXSourcesBuildPhase section */
		B038B2E719DF0A8900DB14AE /* Sources */ = {
			isa = PBXSourcesBuildPhase;
			buildActionMask = 2147483647;
			files = (
				B038B30019E021D500DB14AE /* GLWidget.qt.h in Sources */,
				B038B2FF19E021A300DB14AE /* GLWidget.cpp in Sources */,
				B038B2FC19E01DF400DB14AE /* Window.qt.h in Sources */,
				B038B2FA19E01AAB00DB14AE /* Window.cpp in Sources */,
				B038B2EE19DF0A8A00DB14AE /* main.cpp in Sources */,
			);
			runOnlyForDeploymentPostprocessing = 0;
		};
		B07C2E8519D89966007D4939 /* Sources */ = {
			isa = PBXSourcesBuildPhase;
			buildActionMask = 2147483647;
			files = (
				B07C2E9619D899B1007D4939 /* main.cpp in Sources */,
			);
			runOnlyForDeploymentPostprocessing = 0;
		};
		B0B88B5A19B7A197008A1B0E /* Sources */ = {
			isa = PBXSourcesBuildPhase;
			buildActionMask = 2147483647;
			files = (
				B0B88B9519BC7154008A1B0E /* RawPacketBuffer.cpp in Sources */,
				B0B88BAF19BCA7F8008A1B0E /* PacketDecoder.cpp in Sources */,
				B0B88B8019B7A8C9008A1B0E /* PacketListener.cpp in Sources */,
				B0B88B8B19BB7646008A1B0E /* IDGenerator.cpp in Sources */,
				B0B88B8719B7B792008A1B0E /* ZmqQueueNames.cpp in Sources */,
			);
			runOnlyForDeploymentPostprocessing = 0;
		};
		B0B88B6C19B7A387008A1B0E /* Sources */ = {
			isa = PBXSourcesBuildPhase;
			buildActionMask = 2147483647;
			files = (
				B0B88B7319B7A387008A1B0E /* main.cpp in Sources */,
			);
			runOnlyForDeploymentPostprocessing = 0;
		};
		B0B88B9819BC9409008A1B0E /* Sources */ = {
			isa = PBXSourcesBuildPhase;
			buildActionMask = 2147483647;
			files = (
				B0B88BA819BC9491008A1B0E /* Logger.cpp in Sources */,
			);
			runOnlyForDeploymentPostprocessing = 0;
		};
		B0CF7FF919D34DFB00C27161 /* Sources */ = {
			isa = PBXSourcesBuildPhase;
			buildActionMask = 2147483647;
			files = (
				B0CF800019D34DFB00C27161 /* main.cpp in Sources */,
			);
			runOnlyForDeploymentPostprocessing = 0;
		};
/* End PBXSourcesBuildPhase section */

/* Begin PBXTargetDependency section */
		B0B88B6B19B7A368008A1B0E /* PBXTargetDependency */ = {
			isa = PBXTargetDependency;
			name = "zmq-4.0.4";
			targetProxy = B0B88B6A19B7A368008A1B0E /* PBXContainerItemProxy */;
		};
		B0B88B7A19B7A390008A1B0E /* PBXTargetDependency */ = {
			isa = PBXTargetDependency;
			target = B0B88B5D19B7A197008A1B0E /* PacketController */;
			targetProxy = B0B88B7919B7A390008A1B0E /* PBXContainerItemProxy */;
		};
		B0B88BAB19BC96BB008A1B0E /* PBXTargetDependency */ = {
			isa = PBXTargetDependency;
			target = B0B88B9B19BC9409008A1B0E /* Logging */;
			targetProxy = B0B88BAA19BC96BB008A1B0E /* PBXContainerItemProxy */;
		};
/* End PBXTargetDependency section */

/* Begin XCBuildConfiguration section */
		B038B2EF19DF0A8A00DB14AE /* Debug */ = {
			isa = XCBuildConfiguration;
			buildSettings = {
				ALWAYS_SEARCH_USER_PATHS = NO;
				CLANG_CXX_LANGUAGE_STANDARD = "gnu++0x";
				CLANG_CXX_LIBRARY = "libc++";
				CLANG_ENABLE_MODULES = YES;
				CLANG_ENABLE_OBJC_ARC = YES;
				CLANG_WARN_BOOL_CONVERSION = YES;
				CLANG_WARN_CONSTANT_CONVERSION = YES;
				CLANG_WARN_DIRECT_OBJC_ISA_USAGE = YES_ERROR;
				CLANG_WARN_EMPTY_BODY = YES;
				CLANG_WARN_ENUM_CONVERSION = YES;
				CLANG_WARN_INT_CONVERSION = YES;
				CLANG_WARN_OBJC_ROOT_CLASS = YES_ERROR;
				CLANG_WARN_UNREACHABLE_CODE = YES;
				CLANG_WARN__DUPLICATE_METHOD_MATCH = YES;
				COPY_PHASE_STRIP = NO;
				ENABLE_STRICT_OBJC_MSGSEND = YES;
				FRAMEWORK_SEARCH_PATHS = (
					"$(inherited)",
					/Users/hutchid1/Qt/5.3/clang_64/lib,
				);
				GCC_C_LANGUAGE_STANDARD = gnu99;
				GCC_DYNAMIC_NO_PIC = NO;
				GCC_OPTIMIZATION_LEVEL = 0;
				GCC_PREPROCESSOR_DEFINITIONS = (
					"DEBUG=1",
					"$(inherited)",
				);
				GCC_SYMBOLS_PRIVATE_EXTERN = NO;
				GCC_WARN_64_TO_32_BIT_CONVERSION = YES;
				GCC_WARN_ABOUT_RETURN_TYPE = YES_ERROR;
				GCC_WARN_UNDECLARED_SELECTOR = YES;
				GCC_WARN_UNINITIALIZED_AUTOS = YES_AGGRESSIVE;
				GCC_WARN_UNUSED_FUNCTION = YES;
				GCC_WARN_UNUSED_VARIABLE = YES;
				MACOSX_DEPLOYMENT_TARGET = 10.9;
				MTL_ENABLE_DEBUG_INFO = YES;
				ONLY_ACTIVE_ARCH = YES;
				PRODUCT_NAME = "$(TARGET_NAME)";
				SDKROOT = macosx;
			};
			name = Debug;
		};
		B038B2F019DF0A8A00DB14AE /* Release */ = {
			isa = XCBuildConfiguration;
			buildSettings = {
				ALWAYS_SEARCH_USER_PATHS = NO;
				CLANG_CXX_LANGUAGE_STANDARD = "gnu++0x";
				CLANG_CXX_LIBRARY = "libc++";
				CLANG_ENABLE_MODULES = YES;
				CLANG_ENABLE_OBJC_ARC = YES;
				CLANG_WARN_BOOL_CONVERSION = YES;
				CLANG_WARN_CONSTANT_CONVERSION = YES;
				CLANG_WARN_DIRECT_OBJC_ISA_USAGE = YES_ERROR;
				CLANG_WARN_EMPTY_BODY = YES;
				CLANG_WARN_ENUM_CONVERSION = YES;
				CLANG_WARN_INT_CONVERSION = YES;
				CLANG_WARN_OBJC_ROOT_CLASS = YES_ERROR;
				CLANG_WARN_UNREACHABLE_CODE = YES;
				CLANG_WARN__DUPLICATE_METHOD_MATCH = YES;
				COPY_PHASE_STRIP = YES;
				DEBUG_INFORMATION_FORMAT = "dwarf-with-dsym";
				ENABLE_NS_ASSERTIONS = NO;
				ENABLE_STRICT_OBJC_MSGSEND = YES;
				FRAMEWORK_SEARCH_PATHS = (
					"$(inherited)",
					/Users/hutchid1/Qt/5.3/clang_64/lib,
				);
				GCC_C_LANGUAGE_STANDARD = gnu99;
				GCC_WARN_64_TO_32_BIT_CONVERSION = YES;
				GCC_WARN_ABOUT_RETURN_TYPE = YES_ERROR;
				GCC_WARN_UNDECLARED_SELECTOR = YES;
				GCC_WARN_UNINITIALIZED_AUTOS = YES_AGGRESSIVE;
				GCC_WARN_UNUSED_FUNCTION = YES;
				GCC_WARN_UNUSED_VARIABLE = YES;
				MACOSX_DEPLOYMENT_TARGET = 10.9;
				MTL_ENABLE_DEBUG_INFO = NO;
				PRODUCT_NAME = "$(TARGET_NAME)";
				SDKROOT = macosx;
			};
			name = Release;
		};
		B07C2E9119D89966007D4939 /* Debug */ = {
			isa = XCBuildConfiguration;
			buildSettings = {
				ALWAYS_SEARCH_USER_PATHS = NO;
				CLANG_CXX_LANGUAGE_STANDARD = "gnu++0x";
				CLANG_CXX_LIBRARY = "libc++";
				CLANG_ENABLE_MODULES = YES;
				CLANG_ENABLE_OBJC_ARC = YES;
				CLANG_WARN_BOOL_CONVERSION = YES;
				CLANG_WARN_CONSTANT_CONVERSION = YES;
				CLANG_WARN_DIRECT_OBJC_ISA_USAGE = YES_ERROR;
				CLANG_WARN_EMPTY_BODY = YES;
				CLANG_WARN_ENUM_CONVERSION = YES;
				CLANG_WARN_INT_CONVERSION = YES;
				CLANG_WARN_OBJC_ROOT_CLASS = YES_ERROR;
				CLANG_WARN_UNREACHABLE_CODE = YES;
				CLANG_WARN__DUPLICATE_METHOD_MATCH = YES;
				COPY_PHASE_STRIP = NO;
				ENABLE_STRICT_OBJC_MSGSEND = YES;
				GCC_C_LANGUAGE_STANDARD = gnu99;
				GCC_DYNAMIC_NO_PIC = NO;
				GCC_OPTIMIZATION_LEVEL = 0;
				GCC_PREPROCESSOR_DEFINITIONS = (
					"DEBUG=1",
					"$(inherited)",
				);
				GCC_SYMBOLS_PRIVATE_EXTERN = NO;
				GCC_WARN_64_TO_32_BIT_CONVERSION = YES;
				GCC_WARN_ABOUT_RETURN_TYPE = YES_ERROR;
				GCC_WARN_UNDECLARED_SELECTOR = YES;
				GCC_WARN_UNINITIALIZED_AUTOS = YES_AGGRESSIVE;
				GCC_WARN_UNUSED_FUNCTION = YES;
				GCC_WARN_UNUSED_VARIABLE = YES;
				HEADER_SEARCH_PATHS = (
					"$(inherited)",
					/Applications/Xcode.app/Contents/Developer/Toolchains/XcodeDefault.xctoolchain/usr/include,
					"$(PROJECT_DIR)/../thirdparty/ZeroMQ-4.0.4/build/include/",
					"$(PROJECT_DIR)/",
					/usr/local/include,
				);
				LIBRARY_SEARCH_PATHS = (
					"$(PROJECT_DIR)/../thirdparty/ZeroMQ-4.0.4/build/lib",
					/usr/local/lib,
					/usr/local/Cellar/glfw3/3.0.4/lib,
					/usr/local/Cellar/glew/1.11.0/lib,
				);
				MACOSX_DEPLOYMENT_TARGET = 10.9;
				MTL_ENABLE_DEBUG_INFO = YES;
				ONLY_ACTIVE_ARCH = YES;
				PRODUCT_NAME = "CircleDrawTest copy";
				SDKROOT = macosx;
			};
			name = Debug;
		};
		B07C2E9219D89966007D4939 /* Release */ = {
			isa = XCBuildConfiguration;
			buildSettings = {
				ALWAYS_SEARCH_USER_PATHS = NO;
				CLANG_CXX_LANGUAGE_STANDARD = "gnu++0x";
				CLANG_CXX_LIBRARY = "libc++";
				CLANG_ENABLE_MODULES = YES;
				CLANG_ENABLE_OBJC_ARC = YES;
				CLANG_WARN_BOOL_CONVERSION = YES;
				CLANG_WARN_CONSTANT_CONVERSION = YES;
				CLANG_WARN_DIRECT_OBJC_ISA_USAGE = YES_ERROR;
				CLANG_WARN_EMPTY_BODY = YES;
				CLANG_WARN_ENUM_CONVERSION = YES;
				CLANG_WARN_INT_CONVERSION = YES;
				CLANG_WARN_OBJC_ROOT_CLASS = YES_ERROR;
				CLANG_WARN_UNREACHABLE_CODE = YES;
				CLANG_WARN__DUPLICATE_METHOD_MATCH = YES;
				COPY_PHASE_STRIP = YES;
				DEBUG_INFORMATION_FORMAT = "dwarf-with-dsym";
				ENABLE_NS_ASSERTIONS = NO;
				ENABLE_STRICT_OBJC_MSGSEND = YES;
				GCC_C_LANGUAGE_STANDARD = gnu99;
				GCC_WARN_64_TO_32_BIT_CONVERSION = YES;
				GCC_WARN_ABOUT_RETURN_TYPE = YES_ERROR;
				GCC_WARN_UNDECLARED_SELECTOR = YES;
				GCC_WARN_UNINITIALIZED_AUTOS = YES_AGGRESSIVE;
				GCC_WARN_UNUSED_FUNCTION = YES;
				GCC_WARN_UNUSED_VARIABLE = YES;
				HEADER_SEARCH_PATHS = (
					"$(inherited)",
					/Applications/Xcode.app/Contents/Developer/Toolchains/XcodeDefault.xctoolchain/usr/include,
					"$(PROJECT_DIR)/../thirdparty/ZeroMQ-4.0.4/build/include/",
					"$(PROJECT_DIR)/",
					/usr/local/include,
				);
				LIBRARY_SEARCH_PATHS = (
					"$(PROJECT_DIR)/../thirdparty/ZeroMQ-4.0.4/build/lib",
					/usr/local/lib,
					/usr/local/Cellar/glfw3/3.0.4/lib,
					/usr/local/Cellar/glew/1.11.0/lib,
				);
				MACOSX_DEPLOYMENT_TARGET = 10.9;
				MTL_ENABLE_DEBUG_INFO = NO;
				PRODUCT_NAME = "CircleDrawTest copy";
				SDKROOT = macosx;
			};
			name = Release;
		};
		B0B88B5519B7A0EB008A1B0E /* Debug */ = {
			isa = XCBuildConfiguration;
			buildSettings = {
				GCC_TREAT_WARNINGS_AS_ERRORS = YES;
				GCC_WARN_INHIBIT_ALL_WARNINGS = NO;
				GCC_WARN_PEDANTIC = YES;
				HEADER_SEARCH_PATHS = (
					"$(inherited)",
					/Applications/Xcode.app/Contents/Developer/Toolchains/XcodeDefault.xctoolchain/usr/include,
					"$(PROJECT_DIR)/../thirdparty/ZeroMQ-4.0.4/build/include/",
					"$(PROJECT_DIR)/",
					"$(PROJECT_DIR)/../thirdparty/Qt/5.3/clang_64/lib/QtGui.framework/Headers",
					"$(PROJECT_DIR)/../thirdparty/Qt/5.3/clang_64/lib/QtCore.framework/Headers",
					"$(PROJECT_DIR)/../thirdparty/Qt/5.3/clang_64/lib/QtWidgets.framework/Headers",
					"$(PROJECT_DIR)/../thirdparty/Qt/5.3/clang_64/lib/QtOpenGL.framework/Headers",
				);
				LIBRARY_SEARCH_PATHS = "$(PROJECT_DIR)/../thirdparty/ZeroMQ-4.0.4/build/lib";
			};
			name = Debug;
		};
		B0B88B5619B7A0EB008A1B0E /* Release */ = {
			isa = XCBuildConfiguration;
			buildSettings = {
				GCC_TREAT_WARNINGS_AS_ERRORS = YES;
				GCC_WARN_INHIBIT_ALL_WARNINGS = NO;
				GCC_WARN_PEDANTIC = YES;
				HEADER_SEARCH_PATHS = (
					"$(inherited)",
					/Applications/Xcode.app/Contents/Developer/Toolchains/XcodeDefault.xctoolchain/usr/include,
					"$(PROJECT_DIR)/../thirdparty/ZeroMQ-4.0.4/build/include/",
					"$(PROJECT_DIR)/",
					"$(PROJECT_DIR)/../thirdparty/Qt/5.3/clang_64/lib/QtGui.framework/Headers",
					"$(PROJECT_DIR)/../thirdparty/Qt/5.3/clang_64/lib/QtCore.framework/Headers",
					"$(PROJECT_DIR)/../thirdparty/Qt/5.3/clang_64/lib/QtWidgets.framework/Headers",
					"$(PROJECT_DIR)/../thirdparty/Qt/5.3/clang_64/lib/QtOpenGL.framework/Headers",
				);
				LIBRARY_SEARCH_PATHS = "$(PROJECT_DIR)/../thirdparty/ZeroMQ-4.0.4/build/lib";
			};
			name = Release;
		};
		B0B88B6119B7A197008A1B0E /* Debug */ = {
			isa = XCBuildConfiguration;
			buildSettings = {
				ALWAYS_SEARCH_USER_PATHS = NO;
				CLANG_CXX_LANGUAGE_STANDARD = "gnu++0x";
				CLANG_CXX_LIBRARY = "libc++";
				CLANG_ENABLE_MODULES = YES;
				CLANG_ENABLE_OBJC_ARC = YES;
				CLANG_WARN_BOOL_CONVERSION = YES;
				CLANG_WARN_CONSTANT_CONVERSION = YES;
				CLANG_WARN_DIRECT_OBJC_ISA_USAGE = YES_ERROR;
				CLANG_WARN_EMPTY_BODY = YES;
				CLANG_WARN_ENUM_CONVERSION = YES;
				CLANG_WARN_INT_CONVERSION = YES;
				CLANG_WARN_OBJC_ROOT_CLASS = YES_ERROR;
				CLANG_WARN__DUPLICATE_METHOD_MATCH = YES;
				COPY_PHASE_STRIP = NO;
				EXECUTABLE_PREFIX = lib;
				GCC_C_LANGUAGE_STANDARD = gnu99;
				GCC_DYNAMIC_NO_PIC = NO;
				GCC_ENABLE_OBJC_EXCEPTIONS = YES;
				GCC_OPTIMIZATION_LEVEL = 0;
				GCC_PREPROCESSOR_DEFINITIONS = (
					"DEBUG=1",
					"$(inherited)",
				);
				GCC_SYMBOLS_PRIVATE_EXTERN = NO;
				GCC_WARN_64_TO_32_BIT_CONVERSION = YES;
				GCC_WARN_ABOUT_RETURN_TYPE = YES_ERROR;
				GCC_WARN_UNDECLARED_SELECTOR = YES;
				GCC_WARN_UNINITIALIZED_AUTOS = YES_AGGRESSIVE;
				GCC_WARN_UNUSED_FUNCTION = YES;
				GCC_WARN_UNUSED_VARIABLE = YES;
				LIBRARY_SEARCH_PATHS = (
					"$(inherited)",
					"/Users/hutchid1/projects/thirdparty/ZeroMQ-4.0.4/build/lib",
				);
				MACOSX_DEPLOYMENT_TARGET = 10.9;
				ONLY_ACTIVE_ARCH = YES;
				PRODUCT_NAME = "$(TARGET_NAME)";
				SDKROOT = macosx;
			};
			name = Debug;
		};
		B0B88B6219B7A197008A1B0E /* Release */ = {
			isa = XCBuildConfiguration;
			buildSettings = {
				ALWAYS_SEARCH_USER_PATHS = NO;
				CLANG_CXX_LANGUAGE_STANDARD = "gnu++0x";
				CLANG_CXX_LIBRARY = "libc++";
				CLANG_ENABLE_MODULES = YES;
				CLANG_ENABLE_OBJC_ARC = YES;
				CLANG_WARN_BOOL_CONVERSION = YES;
				CLANG_WARN_CONSTANT_CONVERSION = YES;
				CLANG_WARN_DIRECT_OBJC_ISA_USAGE = YES_ERROR;
				CLANG_WARN_EMPTY_BODY = YES;
				CLANG_WARN_ENUM_CONVERSION = YES;
				CLANG_WARN_INT_CONVERSION = YES;
				CLANG_WARN_OBJC_ROOT_CLASS = YES_ERROR;
				CLANG_WARN__DUPLICATE_METHOD_MATCH = YES;
				COPY_PHASE_STRIP = YES;
				DEBUG_INFORMATION_FORMAT = "dwarf-with-dsym";
				ENABLE_NS_ASSERTIONS = NO;
				EXECUTABLE_PREFIX = lib;
				GCC_C_LANGUAGE_STANDARD = gnu99;
				GCC_ENABLE_OBJC_EXCEPTIONS = YES;
				GCC_WARN_64_TO_32_BIT_CONVERSION = YES;
				GCC_WARN_ABOUT_RETURN_TYPE = YES_ERROR;
				GCC_WARN_UNDECLARED_SELECTOR = YES;
				GCC_WARN_UNINITIALIZED_AUTOS = YES_AGGRESSIVE;
				GCC_WARN_UNUSED_FUNCTION = YES;
				GCC_WARN_UNUSED_VARIABLE = YES;
				LIBRARY_SEARCH_PATHS = (
					"$(inherited)",
					"/Users/hutchid1/projects/thirdparty/ZeroMQ-4.0.4/build/lib",
				);
				MACOSX_DEPLOYMENT_TARGET = 10.9;
				PRODUCT_NAME = "$(TARGET_NAME)";
				SDKROOT = macosx;
			};
			name = Release;
		};
		B0B88B7719B7A387008A1B0E /* Debug */ = {
			isa = XCBuildConfiguration;
			buildSettings = {
				ALWAYS_SEARCH_USER_PATHS = NO;
				CLANG_CXX_LANGUAGE_STANDARD = "gnu++0x";
				CLANG_CXX_LIBRARY = "libc++";
				CLANG_ENABLE_MODULES = YES;
				CLANG_ENABLE_OBJC_ARC = YES;
				CLANG_WARN_BOOL_CONVERSION = YES;
				CLANG_WARN_CONSTANT_CONVERSION = YES;
				CLANG_WARN_DIRECT_OBJC_ISA_USAGE = YES_ERROR;
				CLANG_WARN_EMPTY_BODY = YES;
				CLANG_WARN_ENUM_CONVERSION = YES;
				CLANG_WARN_INT_CONVERSION = YES;
				CLANG_WARN_OBJC_ROOT_CLASS = YES_ERROR;
				CLANG_WARN__DUPLICATE_METHOD_MATCH = YES;
				COPY_PHASE_STRIP = NO;
				GCC_C_LANGUAGE_STANDARD = gnu99;
				GCC_DYNAMIC_NO_PIC = NO;
				GCC_ENABLE_OBJC_EXCEPTIONS = YES;
				GCC_OPTIMIZATION_LEVEL = 0;
				GCC_PREPROCESSOR_DEFINITIONS = (
					"DEBUG=1",
					"$(inherited)",
				);
				GCC_SYMBOLS_PRIVATE_EXTERN = NO;
				GCC_WARN_64_TO_32_BIT_CONVERSION = YES;
				GCC_WARN_ABOUT_RETURN_TYPE = YES_ERROR;
				GCC_WARN_UNDECLARED_SELECTOR = YES;
				GCC_WARN_UNINITIALIZED_AUTOS = YES_AGGRESSIVE;
				GCC_WARN_UNUSED_FUNCTION = YES;
				GCC_WARN_UNUSED_VARIABLE = YES;
				LIBRARY_SEARCH_PATHS = (
					"$(inherited)",
					"/Users/hutchid1/projects/thirdparty/ZeroMQ-4.0.4/build/lib",
				);
				MACOSX_DEPLOYMENT_TARGET = 10.9;
				ONLY_ACTIVE_ARCH = YES;
				PRODUCT_NAME = "$(TARGET_NAME)";
				SDKROOT = macosx;
			};
			name = Debug;
		};
		B0B88B7819B7A387008A1B0E /* Release */ = {
			isa = XCBuildConfiguration;
			buildSettings = {
				ALWAYS_SEARCH_USER_PATHS = NO;
				CLANG_CXX_LANGUAGE_STANDARD = "gnu++0x";
				CLANG_CXX_LIBRARY = "libc++";
				CLANG_ENABLE_MODULES = YES;
				CLANG_ENABLE_OBJC_ARC = YES;
				CLANG_WARN_BOOL_CONVERSION = YES;
				CLANG_WARN_CONSTANT_CONVERSION = YES;
				CLANG_WARN_DIRECT_OBJC_ISA_USAGE = YES_ERROR;
				CLANG_WARN_EMPTY_BODY = YES;
				CLANG_WARN_ENUM_CONVERSION = YES;
				CLANG_WARN_INT_CONVERSION = YES;
				CLANG_WARN_OBJC_ROOT_CLASS = YES_ERROR;
				CLANG_WARN__DUPLICATE_METHOD_MATCH = YES;
				COPY_PHASE_STRIP = YES;
				DEBUG_INFORMATION_FORMAT = "dwarf-with-dsym";
				ENABLE_NS_ASSERTIONS = NO;
				GCC_C_LANGUAGE_STANDARD = gnu99;
				GCC_ENABLE_OBJC_EXCEPTIONS = YES;
				GCC_WARN_64_TO_32_BIT_CONVERSION = YES;
				GCC_WARN_ABOUT_RETURN_TYPE = YES_ERROR;
				GCC_WARN_UNDECLARED_SELECTOR = YES;
				GCC_WARN_UNINITIALIZED_AUTOS = YES_AGGRESSIVE;
				GCC_WARN_UNUSED_FUNCTION = YES;
				GCC_WARN_UNUSED_VARIABLE = YES;
				LIBRARY_SEARCH_PATHS = (
					"$(inherited)",
					"/Users/hutchid1/projects/thirdparty/ZeroMQ-4.0.4/build/lib",
				);
				MACOSX_DEPLOYMENT_TARGET = 10.9;
				PRODUCT_NAME = "$(TARGET_NAME)";
				SDKROOT = macosx;
			};
			name = Release;
		};
		B0B88B9D19BC9409008A1B0E /* Debug */ = {
			isa = XCBuildConfiguration;
			buildSettings = {
				ALWAYS_SEARCH_USER_PATHS = NO;
				CLANG_CXX_LANGUAGE_STANDARD = "gnu++0x";
				CLANG_CXX_LIBRARY = "libc++";
				CLANG_ENABLE_MODULES = YES;
				CLANG_ENABLE_OBJC_ARC = YES;
				CLANG_WARN_BOOL_CONVERSION = YES;
				CLANG_WARN_CONSTANT_CONVERSION = YES;
				CLANG_WARN_DIRECT_OBJC_ISA_USAGE = YES_ERROR;
				CLANG_WARN_EMPTY_BODY = YES;
				CLANG_WARN_ENUM_CONVERSION = YES;
				CLANG_WARN_INT_CONVERSION = YES;
				CLANG_WARN_OBJC_ROOT_CLASS = YES_ERROR;
				CLANG_WARN__DUPLICATE_METHOD_MATCH = YES;
				COPY_PHASE_STRIP = NO;
				EXECUTABLE_PREFIX = lib;
				GCC_C_LANGUAGE_STANDARD = gnu99;
				GCC_DYNAMIC_NO_PIC = NO;
				GCC_ENABLE_OBJC_EXCEPTIONS = YES;
				GCC_OPTIMIZATION_LEVEL = 0;
				GCC_PREPROCESSOR_DEFINITIONS = (
					"DEBUG=1",
					"$(inherited)",
				);
				GCC_SYMBOLS_PRIVATE_EXTERN = NO;
				GCC_WARN_64_TO_32_BIT_CONVERSION = YES;
				GCC_WARN_ABOUT_RETURN_TYPE = YES_ERROR;
				GCC_WARN_UNDECLARED_SELECTOR = YES;
				GCC_WARN_UNINITIALIZED_AUTOS = YES_AGGRESSIVE;
				GCC_WARN_UNUSED_FUNCTION = YES;
				GCC_WARN_UNUSED_VARIABLE = YES;
				MACOSX_DEPLOYMENT_TARGET = 10.9;
				ONLY_ACTIVE_ARCH = YES;
				PRODUCT_NAME = "$(TARGET_NAME)";
				SDKROOT = macosx;
			};
			name = Debug;
		};
		B0B88B9E19BC9409008A1B0E /* Release */ = {
			isa = XCBuildConfiguration;
			buildSettings = {
				ALWAYS_SEARCH_USER_PATHS = NO;
				CLANG_CXX_LANGUAGE_STANDARD = "gnu++0x";
				CLANG_CXX_LIBRARY = "libc++";
				CLANG_ENABLE_MODULES = YES;
				CLANG_ENABLE_OBJC_ARC = YES;
				CLANG_WARN_BOOL_CONVERSION = YES;
				CLANG_WARN_CONSTANT_CONVERSION = YES;
				CLANG_WARN_DIRECT_OBJC_ISA_USAGE = YES_ERROR;
				CLANG_WARN_EMPTY_BODY = YES;
				CLANG_WARN_ENUM_CONVERSION = YES;
				CLANG_WARN_INT_CONVERSION = YES;
				CLANG_WARN_OBJC_ROOT_CLASS = YES_ERROR;
				CLANG_WARN__DUPLICATE_METHOD_MATCH = YES;
				COPY_PHASE_STRIP = YES;
				DEBUG_INFORMATION_FORMAT = "dwarf-with-dsym";
				ENABLE_NS_ASSERTIONS = NO;
				EXECUTABLE_PREFIX = lib;
				GCC_C_LANGUAGE_STANDARD = gnu99;
				GCC_ENABLE_OBJC_EXCEPTIONS = YES;
				GCC_WARN_64_TO_32_BIT_CONVERSION = YES;
				GCC_WARN_ABOUT_RETURN_TYPE = YES_ERROR;
				GCC_WARN_UNDECLARED_SELECTOR = YES;
				GCC_WARN_UNINITIALIZED_AUTOS = YES_AGGRESSIVE;
				GCC_WARN_UNUSED_FUNCTION = YES;
				GCC_WARN_UNUSED_VARIABLE = YES;
				MACOSX_DEPLOYMENT_TARGET = 10.9;
				PRODUCT_NAME = "$(TARGET_NAME)";
				SDKROOT = macosx;
			};
			name = Release;
		};
		B0CF800119D34DFC00C27161 /* Debug */ = {
			isa = XCBuildConfiguration;
			buildSettings = {
				ALWAYS_SEARCH_USER_PATHS = NO;
				CLANG_CXX_LANGUAGE_STANDARD = "gnu++0x";
				CLANG_CXX_LIBRARY = "libc++";
				CLANG_ENABLE_MODULES = YES;
				CLANG_ENABLE_OBJC_ARC = YES;
				CLANG_WARN_BOOL_CONVERSION = YES;
				CLANG_WARN_CONSTANT_CONVERSION = YES;
				CLANG_WARN_DIRECT_OBJC_ISA_USAGE = YES_ERROR;
				CLANG_WARN_EMPTY_BODY = YES;
				CLANG_WARN_ENUM_CONVERSION = YES;
				CLANG_WARN_INT_CONVERSION = YES;
				CLANG_WARN_OBJC_ROOT_CLASS = YES_ERROR;
				CLANG_WARN_UNREACHABLE_CODE = YES;
				CLANG_WARN__DUPLICATE_METHOD_MATCH = YES;
				COPY_PHASE_STRIP = NO;
				ENABLE_STRICT_OBJC_MSGSEND = YES;
				GCC_C_LANGUAGE_STANDARD = gnu99;
				GCC_DYNAMIC_NO_PIC = NO;
				GCC_OPTIMIZATION_LEVEL = 0;
				GCC_PREPROCESSOR_DEFINITIONS = (
					"DEBUG=1",
					"$(inherited)",
				);
				GCC_SYMBOLS_PRIVATE_EXTERN = NO;
				GCC_WARN_64_TO_32_BIT_CONVERSION = YES;
				GCC_WARN_ABOUT_RETURN_TYPE = YES_ERROR;
				GCC_WARN_UNDECLARED_SELECTOR = YES;
				GCC_WARN_UNINITIALIZED_AUTOS = YES_AGGRESSIVE;
				GCC_WARN_UNUSED_FUNCTION = YES;
				GCC_WARN_UNUSED_VARIABLE = YES;
				HEADER_SEARCH_PATHS = (
					"$(inherited)",
					/Applications/Xcode.app/Contents/Developer/Toolchains/XcodeDefault.xctoolchain/usr/include,
					"$(PROJECT_DIR)/../thirdparty/ZeroMQ-4.0.4/build/include/",
					"$(PROJECT_DIR)/",
					/usr/local/include,
				);
				LIBRARY_SEARCH_PATHS = (
					"$(PROJECT_DIR)/../thirdparty/ZeroMQ-4.0.4/build/lib",
					/usr/local/lib,
					/usr/local/Cellar/glfw3/3.0.4/lib,
					/usr/local/Cellar/glew/1.11.0/lib,
				);
				MACOSX_DEPLOYMENT_TARGET = 10.9;
				MTL_ENABLE_DEBUG_INFO = YES;
				ONLY_ACTIVE_ARCH = YES;
				PRODUCT_NAME = "$(TARGET_NAME)";
				SDKROOT = macosx;
			};
			name = Debug;
		};
		B0CF800219D34DFC00C27161 /* Release */ = {
			isa = XCBuildConfiguration;
			buildSettings = {
				ALWAYS_SEARCH_USER_PATHS = NO;
				CLANG_CXX_LANGUAGE_STANDARD = "gnu++0x";
				CLANG_CXX_LIBRARY = "libc++";
				CLANG_ENABLE_MODULES = YES;
				CLANG_ENABLE_OBJC_ARC = YES;
				CLANG_WARN_BOOL_CONVERSION = YES;
				CLANG_WARN_CONSTANT_CONVERSION = YES;
				CLANG_WARN_DIRECT_OBJC_ISA_USAGE = YES_ERROR;
				CLANG_WARN_EMPTY_BODY = YES;
				CLANG_WARN_ENUM_CONVERSION = YES;
				CLANG_WARN_INT_CONVERSION = YES;
				CLANG_WARN_OBJC_ROOT_CLASS = YES_ERROR;
				CLANG_WARN_UNREACHABLE_CODE = YES;
				CLANG_WARN__DUPLICATE_METHOD_MATCH = YES;
				COPY_PHASE_STRIP = YES;
				DEBUG_INFORMATION_FORMAT = "dwarf-with-dsym";
				ENABLE_NS_ASSERTIONS = NO;
				ENABLE_STRICT_OBJC_MSGSEND = YES;
				GCC_C_LANGUAGE_STANDARD = gnu99;
				GCC_WARN_64_TO_32_BIT_CONVERSION = YES;
				GCC_WARN_ABOUT_RETURN_TYPE = YES_ERROR;
				GCC_WARN_UNDECLARED_SELECTOR = YES;
				GCC_WARN_UNINITIALIZED_AUTOS = YES_AGGRESSIVE;
				GCC_WARN_UNUSED_FUNCTION = YES;
				GCC_WARN_UNUSED_VARIABLE = YES;
				HEADER_SEARCH_PATHS = (
					"$(inherited)",
					/Applications/Xcode.app/Contents/Developer/Toolchains/XcodeDefault.xctoolchain/usr/include,
					"$(PROJECT_DIR)/../thirdparty/ZeroMQ-4.0.4/build/include/",
					"$(PROJECT_DIR)/",
					/usr/local/include,
				);
				LIBRARY_SEARCH_PATHS = (
					"$(PROJECT_DIR)/../thirdparty/ZeroMQ-4.0.4/build/lib",
					/usr/local/lib,
					/usr/local/Cellar/glfw3/3.0.4/lib,
					/usr/local/Cellar/glew/1.11.0/lib,
				);
				MACOSX_DEPLOYMENT_TARGET = 10.9;
				MTL_ENABLE_DEBUG_INFO = NO;
				PRODUCT_NAME = "$(TARGET_NAME)";
				SDKROOT = macosx;
			};
			name = Release;
		};
/* End XCBuildConfiguration section */

/* Begin XCConfigurationList section */
		B038B2F119DF0A8A00DB14AE /* Build configuration list for PBXNativeTarget "QtDrawTest" */ = {
			isa = XCConfigurationList;
			buildConfigurations = (
				B038B2EF19DF0A8A00DB14AE /* Debug */,
				B038B2F019DF0A8A00DB14AE /* Release */,
			);
			defaultConfigurationIsVisible = 0;
		};
		B07C2E9019D89966007D4939 /* Build configuration list for PBXNativeTarget "TextureDrawTest" */ = {
			isa = XCConfigurationList;
			buildConfigurations = (
				B07C2E9119D89966007D4939 /* Debug */,
				B07C2E9219D89966007D4939 /* Release */,
			);
			defaultConfigurationIsVisible = 0;
			defaultConfigurationName = Release;
		};
		B0B88B5419B7A0EB008A1B0E /* Build configuration list for PBXProject "Network" */ = {
			isa = XCConfigurationList;
			buildConfigurations = (
				B0B88B5519B7A0EB008A1B0E /* Debug */,
				B0B88B5619B7A0EB008A1B0E /* Release */,
			);
			defaultConfigurationIsVisible = 0;
			defaultConfigurationName = Release;
		};
		B0B88B6019B7A197008A1B0E /* Build configuration list for PBXNativeTarget "PacketController" */ = {
			isa = XCConfigurationList;
			buildConfigurations = (
				B0B88B6119B7A197008A1B0E /* Debug */,
				B0B88B6219B7A197008A1B0E /* Release */,
			);
			defaultConfigurationIsVisible = 0;
			defaultConfigurationName = Release;
		};
		B0B88B7619B7A387008A1B0E /* Build configuration list for PBXNativeTarget "PacketControllerDriver" */ = {
			isa = XCConfigurationList;
			buildConfigurations = (
				B0B88B7719B7A387008A1B0E /* Debug */,
				B0B88B7819B7A387008A1B0E /* Release */,
			);
			defaultConfigurationIsVisible = 0;
			defaultConfigurationName = Release;
		};
		B0B88B9F19BC9409008A1B0E /* Build configuration list for PBXNativeTarget "Logging" */ = {
			isa = XCConfigurationList;
			buildConfigurations = (
				B0B88B9D19BC9409008A1B0E /* Debug */,
				B0B88B9E19BC9409008A1B0E /* Release */,
			);
			defaultConfigurationIsVisible = 0;
			defaultConfigurationName = Release;
		};
		B0CF800319D34DFC00C27161 /* Build configuration list for PBXNativeTarget "CircleDrawTest" */ = {
			isa = XCConfigurationList;
			buildConfigurations = (
				B0CF800119D34DFC00C27161 /* Debug */,
				B0CF800219D34DFC00C27161 /* Release */,
			);
			defaultConfigurationIsVisible = 0;
			defaultConfigurationName = Release;
		};
/* End XCConfigurationList section */
	};
	rootObject = B0B88B5119B7A0EB008A1B0E /* Project object */;
}
